// !$*UTF8*$!
{
	archiveVersion = 1;
	classes = {
	};
	objectVersion = 46;
	objects = {

/* Begin PBXBuildFile section */
		91C169441C4F16EE00F41890 /* AppDelegate.swift in Sources */ = {isa = PBXBuildFile; fileRef = 91C169431C4F16EE00F41890 /* AppDelegate.swift */; };
		91C169461C4F16EE00F41890 /* ViewController.swift in Sources */ = {isa = PBXBuildFile; fileRef = 91C169451C4F16EE00F41890 /* ViewController.swift */; };
		91C169491C4F16EE00F41890 /* Main.storyboard in Resources */ = {isa = PBXBuildFile; fileRef = 91C169471C4F16EE00F41890 /* Main.storyboard */; };
		91C1694B1C4F16EE00F41890 /* Assets.xcassets in Resources */ = {isa = PBXBuildFile; fileRef = 91C1694A1C4F16EE00F41890 /* Assets.xcassets */; };
		91C1694E1C4F16EE00F41890 /* LaunchScreen.storyboard in Resources */ = {isa = PBXBuildFile; fileRef = 91C1694C1C4F16EE00F41890 /* LaunchScreen.storyboard */; };
		91C169561C4F174D00F41890 /* CoreLocation.framework in Frameworks */ = {isa = PBXBuildFile; fileRef = 91C169551C4F174D00F41890 /* CoreLocation.framework */; };
/* End PBXBuildFile section */

/* Begin PBXFileReference section */
		91C169401C4F16EE00F41890 /* WhereAmI.app */ = {isa = PBXFileReference; explicitFileType = wrapper.application; includeInIndex = 0; path = WhereAmI.app; sourceTree = BUILT_PRODUCTS_DIR; };
		91C169431C4F16EE00F41890 /* AppDelegate.swift */ = {isa = PBXFileReference; lastKnownFileType = sourcecode.swift; path = AppDelegate.swift; sourceTree = "<group>"; };
		91C169451C4F16EE00F41890 /* ViewController.swift */ = {isa = PBXFileReference; lastKnownFileType = sourcecode.swift; path = ViewController.swift; sourceTree = "<group>"; };
		91C169481C4F16EE00F41890 /* Base */ = {isa = PBXFileReference; lastKnownFileType = file.storyboard; name = Base; path = Base.lproj/Main.storyboard; sourceTree = "<group>"; };
		91C1694A1C4F16EE00F41890 /* Assets.xcassets */ = {isa = PBXFileReference; lastKnownFileType = folder.assetcatalog; path = Assets.xcassets; sourceTree = "<group>"; };
		91C1694D1C4F16EE00F41890 /* Base */ = {isa = PBXFileReference; lastKnownFileType = file.storyboard; name = Base; path = Base.lproj/LaunchScreen.storyboard; sourceTree = "<group>"; };
		91C1694F1C4F16EE00F41890 /* Info.plist */ = {isa = PBXFileReference; lastKnownFileType = text.plist.xml; path = Info.plist; sourceTree = "<group>"; };
		91C169551C4F174D00F41890 /* CoreLocation.framework */ = {isa = PBXFileReference; lastKnownFileType = wrapper.framework; name = CoreLocation.framework; path = System/Library/Frameworks/CoreLocation.framework; sourceTree = SDKROOT; };
/* End PBXFileReference section */

/* Begin PBXFrameworksBuildPhase section */
		91C1693D1C4F16EE00F41890 /* Frameworks */ = {
			isa = PBXFrameworksBuildPhase;
			buildActionMask = 2147483647;
			files = (
				91C169561C4F174D00F41890 /* CoreLocation.framework in Frameworks */,
			);
			runOnlyForDeploymentPostprocessing = 0;
		};
/* End PBXFrameworksBuildPhase section */

/* Begin PBXGroup section */
		91C169371C4F16EE00F41890 = {
			isa = PBXGroup;
			children = (
				91C169551C4F174D00F41890 /* CoreLocation.framework */,
				91C169421C4F16EE00F41890 /* WhereAmI */,
				91C169411C4F16EE00F41890 /* Products */,
			);
			sourceTree = "<group>";
		};
		91C169411C4F16EE00F41890 /* Products */ = {
			isa = PBXGroup;
			children = (
				91C169401C4F16EE00F41890 /* WhereAmI.app */,
			);
			name = Products;
			sourceTree = "<group>";
		};
		91C169421C4F16EE00F41890 /* WhereAmI */ = {
			isa = PBXGroup;
			children = (
				91C169431C4F16EE00F41890 /* AppDelegate.swift */,
				91C169451C4F16EE00F41890 /* ViewController.swift */,
				91C169471C4F16EE00F41890 /* Main.storyboard */,
				91C1694A1C4F16EE00F41890 /* Assets.xcassets */,
				91C1694C1C4F16EE00F41890 /* LaunchScreen.storyboard */,
				91C1694F1C4F16EE00F41890 /* Info.plist */,
			);
			path = WhereAmI;
			sourceTree = "<group>";
		};
/* End PBXGroup section */

/* Begin PBXNativeTarget section */
		91C1693F1C4F16EE00F41890 /* WhereAmI */ = {
			isa = PBXNativeTarget;
			buildConfigurationList = 91C169521C4F16EE00F41890 /* Build configuration list for PBXNativeTarget "WhereAmI" */;
			buildPhases = (
				91C1693C1C4F16EE00F41890 /* Sources */,
				91C1693D1C4F16EE00F41890 /* Frameworks */,
				91C1693E1C4F16EE00F41890 /* Resources */,
			);
			buildRules = (
			);
			dependencies = (
			);
			name = WhereAmI;
			productName = WhereAmI;
			productReference = 91C169401C4F16EE00F41890 /* WhereAmI.app */;
			productType = "com.apple.product-type.application";
		};
/* End PBXNativeTarget section */

/* Begin PBXProject section */
		91C169381C4F16EE00F41890 /* Project object */ = {
			isa = PBXProject;
			attributes = {
				LastSwiftUpdateCheck = 0720;
				LastUpgradeCheck = 0720;
				ORGANIZATIONNAME = "Rebecca Works";
				TargetAttributes = {
					91C1693F1C4F16EE00F41890 = {
						CreatedOnToolsVersion = 7.2;
					};
				};
			};
			buildConfigurationList = 91C1693B1C4F16EE00F41890 /* Build configuration list for PBXProject "WhereAmI" */;
			compatibilityVersion = "Xcode 3.2";
			developmentRegion = English;
			hasScannedForEncodings = 0;
			knownRegions = (
				en,
				Base,
			);
			mainGroup = 91C169371C4F16EE00F41890;
			productRefGroup = 91C169411C4F16EE00F41890 /* Products */;
			projectDirPath = "";
			projectRoot = "";
			targets = (
				91C1693F1C4F16EE00F41890 /* WhereAmI */,
			);
		};
/* End PBXProject section */

/* Begin PBXResourcesBuildPhase section */
		91C1693E1C4F16EE00F41890 /* Resources */ = {
			isa = PBXResourcesBuildPhase;
			buildActionMask = 2147483647;
			files = (
				91C1694E1C4F16EE00F41890 /* LaunchScreen.storyboard in Resources */,
				91C1694B1C4F16EE00F41890 /* Assets.xcassets in Resources */,
				91C169491C4F16EE00F41890 /* Main.storyboard in Resources */,
			);
			runOnlyForDeploymentPostprocessing = 0;
		};
/* End PBXResourcesBuildPhase section */

/* Begin PBXSourcesBuildPhase section */
		91C1693C1C4F16EE00F41890 /* Sources */ = {
			isa = PBXSourcesBuildPhase;
			buildActionMask = 2147483647;
			files = (
				91C169461C4F16EE00F41890 /* ViewController.swift in Sources */,
				91C169441C4F16EE00F41890 /* AppDelegate.swift in Sources */,
			);
			runOnlyForDeploymentPostprocessing = 0;
		};
/* End PBXSourcesBuildPhase section */

/* Begin PBXVariantGroup section */
		91C169471C4F16EE00F41890 /* Main.storyboard */ = {
			isa = PBXVariantGroup;
			children = (
				91C169481C4F16EE00F41890 /* Base */,
			);
			name = Main.storyboard;
			sourceTree = "<group>";
		};
		91C1694C1C4F16EE00F41890 /* LaunchScreen.storyboard */ = {
			isa = PBXVariantGroup;
			children = (
				91C1694D1C4F16EE00F41890 /* Base */,
			);
			name = LaunchScreen.storyboard;
			sourceTree = "<group>";
		};
/* End PBXVariantGroup section */

/* Begin XCBuildConfiguration section */
		91C169501C4F16EE00F41890 /* Debug */ = {
			isa = XCBuildConfiguration;
			buildSettings = {
				ALWAYS_SEARCH_USER_PATHS = NO;
				CLANG_CXX_LANGUAGE_STANDARD = "gnu++0x";
				CLANG_CXX_LIBRARY = "libc++";
				CLANG_ENABLE_MODULES = YES;
				CLANG_ENABLE_OBJC_ARC = YES;
				CLANG_WARN_BOOL_CONVERSION = YES;
				CLANG_WARN_CONSTANT_CONVERSION = YES;
				CLANG_WARN_DIRECT_OBJC_ISA_USAGE = YES_ERROR;
				CLANG_WARN_EMPTY_BODY = YES;
				CLANG_WARN_ENUM_CONVERSION = YES;
				CLANG_WARN_INT_CONVERSION = YES;
				CLANG_WARN_OBJC_ROOT_CLASS = YES_ERROR;
				CLANG_WARN_UNREACHABLE_CODE = YES;
				CLANG_WARN__DUPLICATE_METHOD_MATCH = YES;
				"CODE_SIGN_IDENTITY[sdk=iphoneos*]" = "iPhone Developer";
				COPY_PHASE_STRIP = NO;
				DEBUG_INFORMATION_FORMAT = dwarf;
				ENABLE_STRICT_OBJC_MSGSEND = YES;
				ENABLE_TESTABILITY = YES;
				GCC_C_LANGUAGE_STANDARD = gnu99;
				GCC_DYNAMIC_NO_PIC = NO;
				GCC_NO_COMMON_BLOCKS = YES;
				GCC_OPTIMIZATION_LEVEL = 0;
				GCC_PREPROCESSOR_DEFINITIONS = (
					"DEBUG=1",
					"$(inherited)",
				);
				GCC_WARN_64_TO_32_BIT_CONVERSION = YES;
				GCC_WARN_ABOUT_RETURN_TYPE = YES_ERROR;
				GCC_WARN_UNDECLARED_SELECTOR = YES;
				GCC_WARN_UNINITIALIZED_AUTOS = YES_AGGRESSIVE;
				GCC_WARN_UNUSED_FUNCTION = YES;
				GCC_WARN_UNUSED_VARIABLE = YES;
				IPHONEOS_DEPLOYMENT_TARGET = 9.2;
				MTL_ENABLE_DEBUG_INFO = YES;
				ONLY_ACTIVE_ARCH = YES;
				SDKROOT = iphoneos;
				SWIFT_OPTIMIZATION_LEVEL = "-Onone";
			};
			name = Debug;
		};
		91C169511C4F16EE00F41890 /* Release */ = {
			isa = XCBuildConfiguration;
			buildSettings = {
				ALWAYS_SEARCH_USER_PATHS = NO;
				CLANG_CXX_LANGUAGE_STANDARD = "gnu++0x";
				CLANG_CXX_LIBRARY = "libc++";
				CLANG_ENABLE_MODULES = YES;
				CLANG_ENABLE_OBJC_ARC = YES;
				CLANG_WARN_BOOL_CONVERSION = YES;
				CLANG_WARN_CONSTANT_CONVERSION = YES;
				CLANG_WARN_DIRECT_OBJC_ISA_USAGE = YES_ERROR;
				CLANG_WARN_EMPTY_BODY = YES;
				CLANG_WARN_ENUM_CONVERSION = YES;
				CLANG_WARN_INT_CONVERSION = YES;
				CLANG_WARN_OBJC_ROOT_CLASS = YES_ERROR;
				CLANG_WARN_UNREACHABLE_CODE = YES;
				CLANG_WARN__DUPLICATE_METHOD_MATCH = YES;
				"CODE_SIGN_IDENTITY[sdk=iphoneos*]" = "iPhone Developer";
				COPY_PHASE_STRIP = NO;
				DEBUG_INFORMATION_FORMAT = "dwarf-with-dsym";
				ENABLE_NS_ASSERTIONS = NO;
				ENABLE_STRICT_OBJC_MSGSEND = YES;
				GCC_C_LANGUAGE_STANDARD = gnu99;
				GCC_NO_COMMON_BLOCKS = YES;
				GCC_WARN_64_TO_32_BIT_CONVERSION = YES;
				GCC_WARN_ABOUT_RETURN_TYPE = YES_ERROR;
				GCC_WARN_UNDECLARED_SELECTOR = YES;
				GCC_WARN_UNINITIALIZED_AUTOS = YES_AGGRESSIVE;
				GCC_WARN_UNUSED_FUNCTION = YES;
				GCC_WARN_UNUSED_VARIABLE = YES;
				IPHONEOS_DEPLOYMENT_TARGET = 9.2;
				MTL_ENABLE_DEBUG_INFO = NO;
				SDKROOT = iphoneos;
				VALIDATE_PRODUCT = YES;
			};
			name = Release;
		};
		91C169531C4F16EE00F41890 /* Debug */ = {
			isa = XCBuildConfiguration;
			buildSettings = {
				ASSETCATALOG_COMPILER_APPICON_NAME = AppIcon;
				INFOPLIST_FILE = WhereAmI/Info.plist;
				LD_RUNPATH_SEARCH_PATHS = "$(inherited) @executable_path/Frameworks";
				PRODUCT_BUNDLE_IDENTIFIER = com.trussworks.WhereAmI;
				PRODUCT_NAME = "$(TARGET_NAME)";
			};
			name = Debug;
		};
		91C169541C4F16EE00F41890 /* Release */ = {
			isa = XCBuildConfiguration;
			buildSettings = {
				ASSETCATALOG_COMPILER_APPICON_NAME = AppIcon;
				INFOPLIST_FILE = WhereAmI/Info.plist;
				LD_RUNPATH_SEARCH_PATHS = "$(inherited) @executable_path/Frameworks";
				PRODUCT_BUNDLE_IDENTIFIER = com.trussworks.WhereAmI;
				PRODUCT_NAME = "$(TARGET_NAME)";
			};
			name = Release;
		};
/* End XCBuildConfiguration section */

/* Begin XCConfigurationList section */
		91C1693B1C4F16EE00F41890 /* Build configuration list for PBXProject "WhereAmI" */ = {
			isa = XCConfigurationList;
			buildConfigurations = (
				91C169501C4F16EE00F41890 /* Debug */,
				91C169511C4F16EE00F41890 /* Release */,
			);
			defaultConfigurationIsVisible = 0;
			defaultConfigurationName = Release;
		};
		91C169521C4F16EE00F41890 /* Build configuration list for PBXNativeTarget "WhereAmI" */ = {
			isa = XCConfigurationList;
			buildConfigurations = (
				91C169531C4F16EE00F41890 /* Debug */,
				91C169541C4F16EE00F41890 /* Release */,
			);
			defaultConfigurationIsVisible = 0;
		};
/* End XCConfigurationList section */
	};
	rootObject = 91C169381C4F16EE00F41890 /* Project object */;
}
